
Microsoft Visual Studio Solution File, Format Version 12.00
# Visual Studio Version 17
VisualStudioVersion = 17.4.33205.214
MinimumVisualStudioVersion = 10.0.40219.1
Project("{2150E333-8FDC-42A3-9474-1A3956D46DE8}") = "Services", "Services", "{92DC177F-DD9E-4E00-A371-BCBD2092287B}"
EndProject
Project("{2150E333-8FDC-42A3-9474-1A3956D46DE8}") = "Catalog", "Catalog", "{279E492E-F8F3-4C11-A721-A6FC275A186E}"
EndProject
Global
	GlobalSection(SolutionProperties) = preSolution
		HideSolutionNode = FALSE
	EndGlobalSection
	GlobalSection(NestedProjects) = preSolution
		{279E492E-F8F3-4C11-A721-A6FC275A186E} = {92DC177F-DD9E-4E00-A371-BCBD2092287B}
	EndGlobalSection
	GlobalSection(ExtensibilityGlobals) = postSolution
		SolutionGuid = {4B1AAFE0-4FC1-4713-B913-A9CDE9FE7B80}
	EndGlobalSection
EndGlobal
